// !$*UTF8*$!
{
	archiveVersion = 1;
	classes = {
	};
	objectVersion = 46;
	objects = {

/* Begin PBXBuildFile section */
		C2234E1719BD41F500949E46 /* ModelEntryViewController.m in Sources */ = {isa = PBXBuildFile; fileRef = C2234E1519BD41F500949E46 /* ModelEntryViewController.m */; };
		C2234E1819BD41F500949E46 /* ModelEntryView.xib in Resources */ = {isa = PBXBuildFile; fileRef = C2234E1619BD41F500949E46 /* ModelEntryView.xib */; };
		C2234E2619BD4A7D00949E46 /* ScratchWindowController.m in Sources */ = {isa = PBXBuildFile; fileRef = C2234E2419BD4A7D00949E46 /* ScratchWindowController.m */; };
		C2234E2719BD4A7D00949E46 /* ScratchWindow.xib in Resources */ = {isa = PBXBuildFile; fileRef = C2234E2519BD4A7D00949E46 /* ScratchWindow.xib */; };
		C242532319C0B57600A6D6CE /* ResultsViewController.m in Sources */ = {isa = PBXBuildFile; fileRef = C242532119C0B57600A6D6CE /* ResultsViewController.m */; };
		C242532419C0B57600A6D6CE /* ResultsView.xib in Resources */ = {isa = PBXBuildFile; fileRef = C242532219C0B57600A6D6CE /* ResultsView.xib */; };
		C26B516E19BCA22C00D66D5E /* main.m in Sources */ = {isa = PBXBuildFile; fileRef = C26B516D19BCA22C00D66D5E /* main.m */; };
		C26B517119BCA22C00D66D5E /* AppDelegate.m in Sources */ = {isa = PBXBuildFile; fileRef = C26B517019BCA22C00D66D5E /* AppDelegate.m */; };
		C26B517319BCA22C00D66D5E /* Images.xcassets in Resources */ = {isa = PBXBuildFile; fileRef = C26B517219BCA22C00D66D5E /* Images.xcassets */; };
		C26B517619BCA22C00D66D5E /* MainMenu.xib in Resources */ = {isa = PBXBuildFile; fileRef = C26B517419BCA22C00D66D5E /* MainMenu.xib */; };
		C26B518219BCA22C00D66D5E /* MacSolverTests.m in Sources */ = {isa = PBXBuildFile; fileRef = C26B518119BCA22C00D66D5E /* MacSolverTests.m */; };
		C2CBD94819BD3176001F1B3D /* liblpsolve55.a in Frameworks */ = {isa = PBXBuildFile; fileRef = C2CBD94719BD3176001F1B3D /* liblpsolve55.a */; };
/* End PBXBuildFile section */

/* Begin PBXContainerItemProxy section */
		C26B517C19BCA22C00D66D5E /* PBXContainerItemProxy */ = {
			isa = PBXContainerItemProxy;
			containerPortal = C26B516019BCA22B00D66D5E /* Project object */;
			proxyType = 1;
			remoteGlobalIDString = C26B516719BCA22C00D66D5E;
			remoteInfo = MacSolver;
		};
/* End PBXContainerItemProxy section */

/* Begin PBXFileReference section */
		C2234E1419BD41F500949E46 /* ModelEntryViewController.h */ = {isa = PBXFileReference; fileEncoding = 4; lastKnownFileType = sourcecode.c.h; path = ModelEntryViewController.h; sourceTree = "<group>"; };
		C2234E1519BD41F500949E46 /* ModelEntryViewController.m */ = {isa = PBXFileReference; fileEncoding = 4; lastKnownFileType = sourcecode.c.objc; path = ModelEntryViewController.m; sourceTree = "<group>"; };
		C2234E1619BD41F500949E46 /* ModelEntryView.xib */ = {isa = PBXFileReference; fileEncoding = 4; lastKnownFileType = file.xib; path = ModelEntryView.xib; sourceTree = "<group>"; };
		C2234E2319BD4A7D00949E46 /* ScratchWindowController.h */ = {isa = PBXFileReference; fileEncoding = 4; lastKnownFileType = sourcecode.c.h; path = ScratchWindowController.h; sourceTree = "<group>"; };
		C2234E2419BD4A7D00949E46 /* ScratchWindowController.m */ = {isa = PBXFileReference; fileEncoding = 4; lastKnownFileType = sourcecode.c.objc; path = ScratchWindowController.m; sourceTree = "<group>"; };
		C2234E2519BD4A7D00949E46 /* ScratchWindow.xib */ = {isa = PBXFileReference; fileEncoding = 4; lastKnownFileType = file.xib; path = ScratchWindow.xib; sourceTree = "<group>"; };
		C242532019C0B57600A6D6CE /* ResultsViewController.h */ = {isa = PBXFileReference; fileEncoding = 4; lastKnownFileType = sourcecode.c.h; path = ResultsViewController.h; sourceTree = "<group>"; };
		C242532119C0B57600A6D6CE /* ResultsViewController.m */ = {isa = PBXFileReference; fileEncoding = 4; lastKnownFileType = sourcecode.c.objc; path = ResultsViewController.m; sourceTree = "<group>"; };
		C242532219C0B57600A6D6CE /* ResultsView.xib */ = {isa = PBXFileReference; fileEncoding = 4; lastKnownFileType = file.xib; path = ResultsView.xib; sourceTree = "<group>"; };
		C26B516819BCA22C00D66D5E /* MacSolver.app */ = {isa = PBXFileReference; explicitFileType = wrapper.application; includeInIndex = 0; path = MacSolver.app; sourceTree = BUILT_PRODUCTS_DIR; };
		C26B516C19BCA22C00D66D5E /* Info.plist */ = {isa = PBXFileReference; lastKnownFileType = text.plist.xml; path = Info.plist; sourceTree = "<group>"; };
		C26B516D19BCA22C00D66D5E /* main.m */ = {isa = PBXFileReference; lastKnownFileType = sourcecode.c.objc; path = main.m; sourceTree = "<group>"; };
		C26B516F19BCA22C00D66D5E /* AppDelegate.h */ = {isa = PBXFileReference; lastKnownFileType = sourcecode.c.h; path = AppDelegate.h; sourceTree = "<group>"; };
		C26B517019BCA22C00D66D5E /* AppDelegate.m */ = {isa = PBXFileReference; lastKnownFileType = sourcecode.c.objc; path = AppDelegate.m; sourceTree = "<group>"; };
		C26B517219BCA22C00D66D5E /* Images.xcassets */ = {isa = PBXFileReference; lastKnownFileType = folder.assetcatalog; path = Images.xcassets; sourceTree = "<group>"; };
		C26B517519BCA22C00D66D5E /* Base */ = {isa = PBXFileReference; lastKnownFileType = file.xib; name = Base; path = Base.lproj/MainMenu.xib; sourceTree = "<group>"; };
		C26B517B19BCA22C00D66D5E /* MacSolverTests.xctest */ = {isa = PBXFileReference; explicitFileType = wrapper.cfbundle; includeInIndex = 0; path = MacSolverTests.xctest; sourceTree = BUILT_PRODUCTS_DIR; };
		C26B518019BCA22C00D66D5E /* Info.plist */ = {isa = PBXFileReference; lastKnownFileType = text.plist.xml; path = Info.plist; sourceTree = "<group>"; };
		C26B518119BCA22C00D66D5E /* MacSolverTests.m */ = {isa = PBXFileReference; lastKnownFileType = sourcecode.c.objc; path = MacSolverTests.m; sourceTree = "<group>"; };
		C2CBD94019BD3176001F1B3D /* lp_utils.h */ = {isa = PBXFileReference; fileEncoding = 4; lastKnownFileType = sourcecode.c.h; path = lp_utils.h; sourceTree = "<group>"; };
		C2CBD94119BD3176001F1B3D /* lp_types.h */ = {isa = PBXFileReference; fileEncoding = 4; lastKnownFileType = sourcecode.c.h; path = lp_types.h; sourceTree = "<group>"; };
		C2CBD94219BD3176001F1B3D /* lp_Hash.h */ = {isa = PBXFileReference; fileEncoding = 4; lastKnownFileType = sourcecode.c.h; path = lp_Hash.h; sourceTree = "<group>"; };
		C2CBD94319BD3176001F1B3D /* lp_matrix.h */ = {isa = PBXFileReference; fileEncoding = 4; lastKnownFileType = sourcecode.c.h; path = lp_matrix.h; sourceTree = "<group>"; };
		C2CBD94419BD3176001F1B3D /* lp_SOS.h */ = {isa = PBXFileReference; fileEncoding = 4; lastKnownFileType = sourcecode.c.h; path = lp_SOS.h; sourceTree = "<group>"; };
		C2CBD94519BD3176001F1B3D /* lp_lib.h */ = {isa = PBXFileReference; fileEncoding = 4; lastKnownFileType = sourcecode.c.h; path = lp_lib.h; sourceTree = "<group>"; };
		C2CBD94619BD3176001F1B3D /* lp_mipbb.h */ = {isa = PBXFileReference; fileEncoding = 4; lastKnownFileType = sourcecode.c.h; path = lp_mipbb.h; sourceTree = "<group>"; };
		C2CBD94719BD3176001F1B3D /* liblpsolve55.a */ = {isa = PBXFileReference; lastKnownFileType = archive.ar; path = liblpsolve55.a; sourceTree = "<group>"; };
/* End PBXFileReference section */

/* Begin PBXFrameworksBuildPhase section */
		C26B516519BCA22C00D66D5E /* Frameworks */ = {
			isa = PBXFrameworksBuildPhase;
			buildActionMask = 2147483647;
			files = (
				C2CBD94819BD3176001F1B3D /* liblpsolve55.a in Frameworks */,
			);
			runOnlyForDeploymentPostprocessing = 0;
		};
		C26B517819BCA22C00D66D5E /* Frameworks */ = {
			isa = PBXFrameworksBuildPhase;
			buildActionMask = 2147483647;
			files = (
			);
			runOnlyForDeploymentPostprocessing = 0;
		};
/* End PBXFrameworksBuildPhase section */

/* Begin PBXGroup section */
		C26B515F19BCA22B00D66D5E = {
			isa = PBXGroup;
			children = (
				C26B516A19BCA22C00D66D5E /* MacSolver */,
				C26B519A19BCBC3700D66D5E /* Resources */,
				C26B517E19BCA22C00D66D5E /* MacSolverTests */,
				C26B516919BCA22C00D66D5E /* Products */,
			);
			sourceTree = "<group>";
		};
		C26B516919BCA22C00D66D5E /* Products */ = {
			isa = PBXGroup;
			children = (
				C26B516819BCA22C00D66D5E /* MacSolver.app */,
				C26B517B19BCA22C00D66D5E /* MacSolverTests.xctest */,
			);
			name = Products;
			sourceTree = "<group>";
		};
		C26B516A19BCA22C00D66D5E /* MacSolver */ = {
			isa = PBXGroup;
			children = (
				C2234E2319BD4A7D00949E46 /* ScratchWindowController.h */,
				C2234E2419BD4A7D00949E46 /* ScratchWindowController.m */,
				C2234E1419BD41F500949E46 /* ModelEntryViewController.h */,
				C242532019C0B57600A6D6CE /* ResultsViewController.h */,
				C242532119C0B57600A6D6CE /* ResultsViewController.m */,
				C2234E1519BD41F500949E46 /* ModelEntryViewController.m */,
				C2CBD94A19BD318E001F1B3D /* lp_solve Library */,
				C26B516F19BCA22C00D66D5E /* AppDelegate.h */,
				C26B517019BCA22C00D66D5E /* AppDelegate.m */,
				C26B517219BCA22C00D66D5E /* Images.xcassets */,
				C26B516B19BCA22C00D66D5E /* Supporting Files */,
			);
			path = MacSolver;
			sourceTree = "<group>";
		};
		C26B516B19BCA22C00D66D5E /* Supporting Files */ = {
			isa = PBXGroup;
			children = (
				C26B516C19BCA22C00D66D5E /* Info.plist */,
				C26B516D19BCA22C00D66D5E /* main.m */,
			);
			name = "Supporting Files";
			sourceTree = "<group>";
		};
		C26B517E19BCA22C00D66D5E /* MacSolverTests */ = {
			isa = PBXGroup;
			children = (
				C26B518119BCA22C00D66D5E /* MacSolverTests.m */,
				C26B517F19BCA22C00D66D5E /* Supporting Files */,
			);
			path = MacSolverTests;
			sourceTree = "<group>";
		};
		C26B517F19BCA22C00D66D5E /* Supporting Files */ = {
			isa = PBXGroup;
			children = (
				C26B518019BCA22C00D66D5E /* Info.plist */,
			);
			name = "Supporting Files";
			sourceTree = "<group>";
		};
		C26B519A19BCBC3700D66D5E /* Resources */ = {
			isa = PBXGroup;
			children = (
				C242532219C0B57600A6D6CE /* ResultsView.xib */,
				C2234E2519BD4A7D00949E46 /* ScratchWindow.xib */,
				C2234E1619BD41F500949E46 /* ModelEntryView.xib */,
				C26B517419BCA22C00D66D5E /* MainMenu.xib */,
			);
			name = Resources;
			path = MacSolver;
			sourceTree = "<group>";
		};
		C2CBD94A19BD318E001F1B3D /* lp_solve Library */ = {
			isa = PBXGroup;
			children = (
				C2CBD94019BD3176001F1B3D /* lp_utils.h */,
				C2CBD94119BD3176001F1B3D /* lp_types.h */,
				C2CBD94219BD3176001F1B3D /* lp_Hash.h */,
				C2CBD94319BD3176001F1B3D /* lp_matrix.h */,
				C2CBD94419BD3176001F1B3D /* lp_SOS.h */,
				C2CBD94519BD3176001F1B3D /* lp_lib.h */,
				C2CBD94619BD3176001F1B3D /* lp_mipbb.h */,
				C2CBD94719BD3176001F1B3D /* liblpsolve55.a */,
			);
			name = "lp_solve Library";
			sourceTree = "<group>";
		};
/* End PBXGroup section */

/* Begin PBXNativeTarget section */
		C26B516719BCA22C00D66D5E /* MacSolver */ = {
			isa = PBXNativeTarget;
			buildConfigurationList = C26B518519BCA22C00D66D5E /* Build configuration list for PBXNativeTarget "MacSolver" */;
			buildPhases = (
				C26B516419BCA22C00D66D5E /* Sources */,
				C26B516519BCA22C00D66D5E /* Frameworks */,
				C26B516619BCA22C00D66D5E /* Resources */,
			);
			buildRules = (
			);
			dependencies = (
			);
			name = MacSolver;
			productName = MacSolver;
			productReference = C26B516819BCA22C00D66D5E /* MacSolver.app */;
			productType = "com.apple.product-type.application";
		};
		C26B517A19BCA22C00D66D5E /* MacSolverTests */ = {
			isa = PBXNativeTarget;
			buildConfigurationList = C26B518819BCA22C00D66D5E /* Build configuration list for PBXNativeTarget "MacSolverTests" */;
			buildPhases = (
				C26B517719BCA22C00D66D5E /* Sources */,
				C26B517819BCA22C00D66D5E /* Frameworks */,
				C26B517919BCA22C00D66D5E /* Resources */,
			);
			buildRules = (
			);
			dependencies = (
				C26B517D19BCA22C00D66D5E /* PBXTargetDependency */,
			);
			name = MacSolverTests;
			productName = MacSolverTests;
			productReference = C26B517B19BCA22C00D66D5E /* MacSolverTests.xctest */;
			productType = "com.apple.product-type.bundle.unit-test";
		};
/* End PBXNativeTarget section */

/* Begin PBXProject section */
		C26B516019BCA22B00D66D5E /* Project object */ = {
			isa = PBXProject;
			attributes = {
				LastUpgradeCheck = 0600;
				ORGANIZATIONNAME = "Gudapati Naga Venkata Chaitanya";
				TargetAttributes = {
					C26B516719BCA22C00D66D5E = {
						CreatedOnToolsVersion = 6.0;
					};
					C26B517A19BCA22C00D66D5E = {
						CreatedOnToolsVersion = 6.0;
						TestTargetID = C26B516719BCA22C00D66D5E;
					};
				};
			};
			buildConfigurationList = C26B516319BCA22B00D66D5E /* Build configuration list for PBXProject "MacSolver" */;
			compatibilityVersion = "Xcode 3.2";
			developmentRegion = English;
			hasScannedForEncodings = 0;
			knownRegions = (
				en,
				Base,
			);
			mainGroup = C26B515F19BCA22B00D66D5E;
			productRefGroup = C26B516919BCA22C00D66D5E /* Products */;
			projectDirPath = "";
			projectRoot = "";
			targets = (
				C26B516719BCA22C00D66D5E /* MacSolver */,
				C26B517A19BCA22C00D66D5E /* MacSolverTests */,
			);
		};
/* End PBXProject section */

/* Begin PBXResourcesBuildPhase section */
		C26B516619BCA22C00D66D5E /* Resources */ = {
			isa = PBXResourcesBuildPhase;
			buildActionMask = 2147483647;
			files = (
				C26B517319BCA22C00D66D5E /* Images.xcassets in Resources */,
				C26B517619BCA22C00D66D5E /* MainMenu.xib in Resources */,
				C242532419C0B57600A6D6CE /* ResultsView.xib in Resources */,
				C2234E2719BD4A7D00949E46 /* ScratchWindow.xib in Resources */,
				C2234E1819BD41F500949E46 /* ModelEntryView.xib in Resources */,
			);
			runOnlyForDeploymentPostprocessing = 0;
		};
		C26B517919BCA22C00D66D5E /* Resources */ = {
			isa = PBXResourcesBuildPhase;
			buildActionMask = 2147483647;
			files = (
			);
			runOnlyForDeploymentPostprocessing = 0;
		};
/* End PBXResourcesBuildPhase section */

/* Begin PBXSourcesBuildPhase section */
		C26B516419BCA22C00D66D5E /* Sources */ = {
			isa = PBXSourcesBuildPhase;
			buildActionMask = 2147483647;
			files = (
				C26B517119BCA22C00D66D5E /* AppDelegate.m in Sources */,
				C2234E1719BD41F500949E46 /* ModelEntryViewController.m in Sources */,
				C26B516E19BCA22C00D66D5E /* main.m in Sources */,
				C2234E2619BD4A7D00949E46 /* ScratchWindowController.m in Sources */,
				C242532319C0B57600A6D6CE /* ResultsViewController.m in Sources */,
			);
			runOnlyForDeploymentPostprocessing = 0;
		};
		C26B517719BCA22C00D66D5E /* Sources */ = {
			isa = PBXSourcesBuildPhase;
			buildActionMask = 2147483647;
			files = (
				C26B518219BCA22C00D66D5E /* MacSolverTests.m in Sources */,
			);
			runOnlyForDeploymentPostprocessing = 0;
		};
/* End PBXSourcesBuildPhase section */

/* Begin PBXTargetDependency section */
		C26B517D19BCA22C00D66D5E /* PBXTargetDependency */ = {
			isa = PBXTargetDependency;
			target = C26B516719BCA22C00D66D5E /* MacSolver */;
			targetProxy = C26B517C19BCA22C00D66D5E /* PBXContainerItemProxy */;
		};
/* End PBXTargetDependency section */

/* Begin PBXVariantGroup section */
		C26B517419BCA22C00D66D5E /* MainMenu.xib */ = {
			isa = PBXVariantGroup;
			children = (
				C26B517519BCA22C00D66D5E /* Base */,
			);
			name = MainMenu.xib;
			sourceTree = "<group>";
		};
/* End PBXVariantGroup section */

/* Begin XCBuildConfiguration section */
		C26B518319BCA22C00D66D5E /* Debug */ = {
			isa = XCBuildConfiguration;
			buildSettings = {
				ALWAYS_SEARCH_USER_PATHS = NO;
				CLANG_CXX_LANGUAGE_STANDARD = "gnu++0x";
				CLANG_CXX_LIBRARY = "libc++";
				CLANG_ENABLE_MODULES = YES;
				CLANG_ENABLE_OBJC_ARC = YES;
				CLANG_WARN_BOOL_CONVERSION = YES;
				CLANG_WARN_CONSTANT_CONVERSION = YES;
				CLANG_WARN_DIRECT_OBJC_ISA_USAGE = YES_ERROR;
				CLANG_WARN_EMPTY_BODY = YES;
				CLANG_WARN_ENUM_CONVERSION = YES;
				CLANG_WARN_INT_CONVERSION = YES;
				CLANG_WARN_OBJC_ROOT_CLASS = YES_ERROR;
				CLANG_WARN_UNREACHABLE_CODE = YES;
				CLANG_WARN__DUPLICATE_METHOD_MATCH = YES;
				CODE_SIGN_IDENTITY = "-";
				COPY_PHASE_STRIP = NO;
				ENABLE_STRICT_OBJC_MSGSEND = YES;
				GCC_C_LANGUAGE_STANDARD = gnu99;
				GCC_DYNAMIC_NO_PIC = NO;
				GCC_OPTIMIZATION_LEVEL = 0;
				GCC_PREPROCESSOR_DEFINITIONS = (
					"DEBUG=1",
					"$(inherited)",
				);
				GCC_SYMBOLS_PRIVATE_EXTERN = NO;
				GCC_WARN_64_TO_32_BIT_CONVERSION = YES;
				GCC_WARN_ABOUT_RETURN_TYPE = YES_ERROR;
				GCC_WARN_UNDECLARED_SELECTOR = YES;
				GCC_WARN_UNINITIALIZED_AUTOS = YES_AGGRESSIVE;
				GCC_WARN_UNUSED_FUNCTION = YES;
				GCC_WARN_UNUSED_VARIABLE = YES;
				MACOSX_DEPLOYMENT_TARGET = 10.10;
				MTL_ENABLE_DEBUG_INFO = YES;
				ONLY_ACTIVE_ARCH = YES;
				SDKROOT = macosx;
			};
			name = Debug;
		};
		C26B518419BCA22C00D66D5E /* Release */ = {
			isa = XCBuildConfiguration;
			buildSettings = {
				ALWAYS_SEARCH_USER_PATHS = NO;
				CLANG_CXX_LANGUAGE_STANDARD = "gnu++0x";
				CLANG_CXX_LIBRARY = "libc++";
				CLANG_ENABLE_MODULES = YES;
				CLANG_ENABLE_OBJC_ARC = YES;
				CLANG_WARN_BOOL_CONVERSION = YES;
				CLANG_WARN_CONSTANT_CONVERSION = YES;
				CLANG_WARN_DIRECT_OBJC_ISA_USAGE = YES_ERROR;
				CLANG_WARN_EMPTY_BODY = YES;
				CLANG_WARN_ENUM_CONVERSION = YES;
				CLANG_WARN_INT_CONVERSION = YES;
				CLANG_WARN_OBJC_ROOT_CLASS = YES_ERROR;
				CLANG_WARN_UNREACHABLE_CODE = YES;
				CLANG_WARN__DUPLICATE_METHOD_MATCH = YES;
				CODE_SIGN_IDENTITY = "-";
				COPY_PHASE_STRIP = YES;
				DEBUG_INFORMATION_FORMAT = "dwarf-with-dsym";
				ENABLE_NS_ASSERTIONS = NO;
				ENABLE_STRICT_OBJC_MSGSEND = YES;
				GCC_C_LANGUAGE_STANDARD = gnu99;
				GCC_WARN_64_TO_32_BIT_CONVERSION = YES;
				GCC_WARN_ABOUT_RETURN_TYPE = YES_ERROR;
				GCC_WARN_UNDECLARED_SELECTOR = YES;
				GCC_WARN_UNINITIALIZED_AUTOS = YES_AGGRESSIVE;
				GCC_WARN_UNUSED_FUNCTION = YES;
				GCC_WARN_UNUSED_VARIABLE = YES;
				MACOSX_DEPLOYMENT_TARGET = 10.10;
				MTL_ENABLE_DEBUG_INFO = NO;
				SDKROOT = macosx;
			};
			name = Release;
		};
		C26B518619BCA22C00D66D5E /* Debug */ = {
			isa = XCBuildConfiguration;
			buildSettings = {
				ASSETCATALOG_COMPILER_APPICON_NAME = AppIcon;
				COMBINE_HIDPI_IMAGES = YES;
				CURRENT_PROJECT_VERSION = 2;
				INFOPLIST_FILE = MacSolver/Info.plist;
				LD_RUNPATH_SEARCH_PATHS = "$(inherited) @executable_path/../Frameworks";
				LIBRARY_SEARCH_PATHS = (
					"$(inherited)",
					"$(PROJECT_DIR)/MacSolver",
				);
				MACOSX_DEPLOYMENT_TARGET = 10.8;
				PRODUCT_NAME = "$(TARGET_NAME)";
				VERSIONING_SYSTEM = "apple-generic";
			};
			name = Debug;
		};
		C26B518719BCA22C00D66D5E /* Release */ = {
			isa = XCBuildConfiguration;
			buildSettings = {
				ASSETCATALOG_COMPILER_APPICON_NAME = AppIcon;
				COMBINE_HIDPI_IMAGES = YES;
				CURRENT_PROJECT_VERSION = 2;
				INFOPLIST_FILE = MacSolver/Info.plist;
				LD_RUNPATH_SEARCH_PATHS = "$(inherited) @executable_path/../Frameworks";
				LIBRARY_SEARCH_PATHS = (
					"$(inherited)",
					"$(PROJECT_DIR)/MacSolver",
				);
				MACOSX_DEPLOYMENT_TARGET = 10.8;
				PRODUCT_NAME = "$(TARGET_NAME)";
				VERSIONING_SYSTEM = "apple-generic";
			};
			name = Release;
		};
		C26B518919BCA22C00D66D5E /* Debug */ = {
			isa = XCBuildConfiguration;
			buildSettings = {
				BUNDLE_LOADER = "$(TEST_HOST)";
				COMBINE_HIDPI_IMAGES = YES;
				FRAMEWORK_SEARCH_PATHS = (
					"$(DEVELOPER_FRAMEWORKS_DIR)",
					"$(inherited)",
				);
				GCC_PREPROCESSOR_DEFINITIONS = (
					"DEBUG=1",
					"$(inherited)",
				);
				INFOPLIST_FILE = MacSolverTests/Info.plist;
				LD_RUNPATH_SEARCH_PATHS = "$(inherited) @executable_path/../Frameworks @loader_path/../Frameworks";
				MACOSX_DEPLOYMENT_TARGET = 10.7;
				PRODUCT_NAME = "$(TARGET_NAME)";
				TEST_HOST = "$(BUILT_PRODUCTS_DIR)/MacSolver.app/Contents/MacOS/MacSolver";
			};
			name = Debug;
		};
		C26B518A19BCA22C00D66D5E /* Release */ = {
			isa = XCBuildConfiguration;
			buildSettings = {
				BUNDLE_LOADER = "$(TEST_HOST)";
				COMBINE_HIDPI_IMAGES = YES;
				FRAMEWORK_SEARCH_PATHS = (
					"$(DEVELOPER_FRAMEWORKS_DIR)",
					"$(inherited)",
				);
				INFOPLIST_FILE = MacSolverTests/Info.plist;
				LD_RUNPATH_SEARCH_PATHS = "$(inherited) @executable_path/../Frameworks @loader_path/../Frameworks";
				MACOSX_DEPLOYMENT_TARGET = 10.7;
				PRODUCT_NAME = "$(TARGET_NAME)";
				TEST_HOST = "$(BUILT_PRODUCTS_DIR)/MacSolver.app/Contents/MacOS/MacSolver";
			};
			name = Release;
		};
/* End XCBuildConfiguration section */

/* Begin XCConfigurationList section */
		C26B516319BCA22B00D66D5E /* Build configuration list for PBXProject "MacSolver" */ = {
			isa = XCConfigurationList;
			buildConfigurations = (
				C26B518319BCA22C00D66D5E /* Debug */,
				C26B518419BCA22C00D66D5E /* Release */,
			);
			defaultConfigurationIsVisible = 0;
			defaultConfigurationName = Release;
		};
		C26B518519BCA22C00D66D5E /* Build configuration list for PBXNativeTarget "MacSolver" */ = {
			isa = XCConfigurationList;
			buildConfigurations = (
				C26B518619BCA22C00D66D5E /* Debug */,
				C26B518719BCA22C00D66D5E /* Release */,
			);
			defaultConfigurationIsVisible = 0;
			defaultConfigurationName = Release;
		};
		C26B518819BCA22C00D66D5E /* Build configuration list for PBXNativeTarget "MacSolverTests" */ = {
			isa = XCConfigurationList;
			buildConfigurations = (
				C26B518919BCA22C00D66D5E /* Debug */,
				C26B518A19BCA22C00D66D5E /* Release */,
			);
			defaultConfigurationIsVisible = 0;
			defaultConfigurationName = Release;
		};
/* End XCConfigurationList section */
	};
	rootObject = C26B516019BCA22B00D66D5E /* Project object */;
}
